
Microsoft Visual Studio Solution File, Format Version 12.00
# Visual Studio Version 17
VisualStudioVersion = 17.7.34031.279
MinimumVisualStudioVersion = 10.0.40219.1
Project("{FAE04EC0-301F-11D3-BF4B-00C04F79EFBC}") = "net-redis", "net-redis.csproj", "{6EBA9C8D-EAC6-4B6B-AF5F-54371D855297}"
EndProject
Global
	GlobalSection(SolutionConfigurationPlatforms) = preSolution
		Debug|Any CPU = Debug|Any CPU
		Release|Any CPU = Release|Any CPU
	EndGlobalSection
	GlobalSection(ProjectConfigurationPlatforms) = postSolution
		{6EBA9C8D-EAC6-4B6B-AF5F-54371D855297}.Debug|Any CPU.ActiveCfg = Debug|Any CPU
		{6EBA9C8D-EAC6-4B6B-AF5F-54371D855297}.Debug|Any CPU.Build.0 = Debug|Any CPU
		{6EBA9C8D-EAC6-4B6B-AF5F-54371D855297}.Release|Any CPU.ActiveCfg = Release|Any CPU
		{6EBA9C8D-EAC6-4B6B-AF5F-54371D855297}.Release|Any CPU.Build.0 = Release|Any CPU
	EndGlobalSection
	GlobalSection(SolutionProperties) = preSolution
		HideSolutionNode = FALSE
	EndGlobalSection
	GlobalSection(ExtensibilityGlobals) = postSolution
		SolutionGuid = {F670794D-F83B-4154-9FF6-5FCBC31AF0A1}
	EndGlobalSection
EndGlobal
